
Microsoft Visual Studio Solution File, Format Version 12.00
# Visual Studio 15
VisualStudioVersion = 15.0.26228.12
MinimumVisualStudioVersion = 10.0.40219.1
Project("{2150E333-8FDC-42A3-9474-1A3956D46DE8}") = "Engine", "Engine", "{C8C2EAF6-9AC9-497B-9DCD-613FDAD46EBD}"
EndProject
Project("{2150E333-8FDC-42A3-9474-1A3956D46DE8}") = "Games", "Games", "{4B7AC632-893A-4F6E-BF84-F777FE906198}"
EndProject
Project("{8BC9CEB8-8B4A-11D0-8D11-00A0C91BC942}") = "UE4", "Intermediate\ProjectFiles\UE4.vcxproj", "{977E72F1-CA4B-4E20-AA36-F52B0F571719}"
EndProject
Project("{8BC9CEB8-8B4A-11D0-8D11-00A0C91BC942}") = "Cheessy", "Intermediate\ProjectFiles\Cheessy.vcxproj", "{D46611E1-1080-4B1D-B926-C89BB628C7AD}"
EndProject
Global
	GlobalSection(SolutionConfigurationPlatforms) = preSolution
		DebugGame Editor|Android = DebugGame Editor|Android
		DebugGame Editor|HTML5 = DebugGame Editor|HTML5
		DebugGame Editor|Win32 = DebugGame Editor|Win32
		DebugGame Editor|Win64 = DebugGame Editor|Win64
		DebugGame|Android = DebugGame|Android
		DebugGame|HTML5 = DebugGame|HTML5
		DebugGame|Win32 = DebugGame|Win32
		DebugGame|Win64 = DebugGame|Win64
		Development Editor|Android = Development Editor|Android
		Development Editor|HTML5 = Development Editor|HTML5
		Development Editor|Win32 = Development Editor|Win32
		Development Editor|Win64 = Development Editor|Win64
		Development|Android = Development|Android
		Development|HTML5 = Development|HTML5
		Development|Win32 = Development|Win32
		Development|Win64 = Development|Win64
		Shipping|Android = Shipping|Android
		Shipping|HTML5 = Shipping|HTML5
		Shipping|Win32 = Shipping|Win32
		Shipping|Win64 = Shipping|Win64
	EndGlobalSection
	GlobalSection(ProjectConfigurationPlatforms) = postSolution
		{977E72F1-CA4B-4E20-AA36-F52B0F571719}.DebugGame Editor|Android.ActiveCfg = BuiltWithUnrealBuildTool|Win32
		{977E72F1-CA4B-4E20-AA36-F52B0F571719}.DebugGame Editor|Android.Build.0 = BuiltWithUnrealBuildTool|Win32
		{977E72F1-CA4B-4E20-AA36-F52B0F571719}.DebugGame Editor|HTML5.ActiveCfg = BuiltWithUnrealBuildTool|Win32
		{977E72F1-CA4B-4E20-AA36-F52B0F571719}.DebugGame Editor|HTML5.Build.0 = BuiltWithUnrealBuildTool|Win32
		{977E72F1-CA4B-4E20-AA36-F52B0F571719}.DebugGame Editor|Win32.ActiveCfg = BuiltWithUnrealBuildTool|Win32
		{977E72F1-CA4B-4E20-AA36-F52B0F571719}.DebugGame Editor|Win32.Build.0 = BuiltWithUnrealBuildTool|Win32
		{977E72F1-CA4B-4E20-AA36-F52B0F571719}.DebugGame Editor|Win64.ActiveCfg = BuiltWithUnrealBuildTool|Win32
		{977E72F1-CA4B-4E20-AA36-F52B0F571719}.DebugGame Editor|Win64.Build.0 = BuiltWithUnrealBuildTool|Win32
		{977E72F1-CA4B-4E20-AA36-F52B0F571719}.DebugGame|Android.ActiveCfg = BuiltWithUnrealBuildTool|Win32
		{977E72F1-CA4B-4E20-AA36-F52B0F571719}.DebugGame|Android.Build.0 = BuiltWithUnrealBuildTool|Win32
		{977E72F1-CA4B-4E20-AA36-F52B0F571719}.DebugGame|HTML5.ActiveCfg = BuiltWithUnrealBuildTool|Win32
		{977E72F1-CA4B-4E20-AA36-F52B0F571719}.DebugGame|HTML5.Build.0 = BuiltWithUnrealBuildTool|Win32
		{977E72F1-CA4B-4E20-AA36-F52B0F571719}.DebugGame|Win32.ActiveCfg = BuiltWithUnrealBuildTool|Win32
		{977E72F1-CA4B-4E20-AA36-F52B0F571719}.DebugGame|Win32.Build.0 = BuiltWithUnrealBuildTool|Win32
		{977E72F1-CA4B-4E20-AA36-F52B0F571719}.DebugGame|Win64.ActiveCfg = BuiltWithUnrealBuildTool|Win32
		{977E72F1-CA4B-4E20-AA36-F52B0F571719}.DebugGame|Win64.Build.0 = BuiltWithUnrealBuildTool|Win32
		{977E72F1-CA4B-4E20-AA36-F52B0F571719}.Development Editor|Android.ActiveCfg = BuiltWithUnrealBuildTool|Win32
		{977E72F1-CA4B-4E20-AA36-F52B0F571719}.Development Editor|Android.Build.0 = BuiltWithUnrealBuildTool|Win32
		{977E72F1-CA4B-4E20-AA36-F52B0F571719}.Development Editor|HTML5.ActiveCfg = BuiltWithUnrealBuildTool|Win32
		{977E72F1-CA4B-4E20-AA36-F52B0F571719}.Development Editor|HTML5.Build.0 = BuiltWithUnrealBuildTool|Win32
		{977E72F1-CA4B-4E20-AA36-F52B0F571719}.Development Editor|Win32.ActiveCfg = BuiltWithUnrealBuildTool|Win32
		{977E72F1-CA4B-4E20-AA36-F52B0F571719}.Development Editor|Win32.Build.0 = BuiltWithUnrealBuildTool|Win32
		{977E72F1-CA4B-4E20-AA36-F52B0F571719}.Development Editor|Win64.ActiveCfg = BuiltWithUnrealBuildTool|Win32
		{977E72F1-CA4B-4E20-AA36-F52B0F571719}.Development Editor|Win64.Build.0 = BuiltWithUnrealBuildTool|Win32
		{977E72F1-CA4B-4E20-AA36-F52B0F571719}.Development|Android.ActiveCfg = BuiltWithUnrealBuildTool|Win32
		{977E72F1-CA4B-4E20-AA36-F52B0F571719}.Development|Android.Build.0 = BuiltWithUnrealBuildTool|Win32
		{977E72F1-CA4B-4E20-AA36-F52B0F571719}.Development|HTML5.ActiveCfg = BuiltWithUnrealBuildTool|Win32
		{977E72F1-CA4B-4E20-AA36-F52B0F571719}.Development|HTML5.Build.0 = BuiltWithUnrealBuildTool|Win32
		{977E72F1-CA4B-4E20-AA36-F52B0F571719}.Development|Win32.ActiveCfg = BuiltWithUnrealBuildTool|Win32
		{977E72F1-CA4B-4E20-AA36-F52B0F571719}.Development|Win32.Build.0 = BuiltWithUnrealBuildTool|Win32
		{977E72F1-CA4B-4E20-AA36-F52B0F571719}.Development|Win64.ActiveCfg = BuiltWithUnrealBuildTool|Win32
		{977E72F1-CA4B-4E20-AA36-F52B0F571719}.Development|Win64.Build.0 = BuiltWithUnrealBuildTool|Win32
		{977E72F1-CA4B-4E20-AA36-F52B0F571719}.Shipping|Android.ActiveCfg = BuiltWithUnrealBuildTool|Win32
		{977E72F1-CA4B-4E20-AA36-F52B0F571719}.Shipping|Android.Build.0 = BuiltWithUnrealBuildTool|Win32
		{977E72F1-CA4B-4E20-AA36-F52B0F571719}.Shipping|HTML5.ActiveCfg = BuiltWithUnrealBuildTool|Win32
		{977E72F1-CA4B-4E20-AA36-F52B0F571719}.Shipping|HTML5.Build.0 = BuiltWithUnrealBuildTool|Win32
		{977E72F1-CA4B-4E20-AA36-F52B0F571719}.Shipping|Win32.ActiveCfg = BuiltWithUnrealBuildTool|Win32
		{977E72F1-CA4B-4E20-AA36-F52B0F571719}.Shipping|Win32.Build.0 = BuiltWithUnrealBuildTool|Win32
		{977E72F1-CA4B-4E20-AA36-F52B0F571719}.Shipping|Win64.ActiveCfg = BuiltWithUnrealBuildTool|Win32
		{977E72F1-CA4B-4E20-AA36-F52B0F571719}.Shipping|Win64.Build.0 = BuiltWithUnrealBuildTool|Win32
		{D46611E1-1080-4B1D-B926-C89BB628C7AD}.DebugGame Editor|Android.ActiveCfg = DebugGame_Editor|Tegra-Android
		{D46611E1-1080-4B1D-B926-C89BB628C7AD}.DebugGame Editor|HTML5.ActiveCfg = HTML5_DebugGame_Editor|Win32
		{D46611E1-1080-4B1D-B926-C89BB628C7AD}.DebugGame Editor|Win32.ActiveCfg = DebugGame_Editor|Win32
		{D46611E1-1080-4B1D-B926-C89BB628C7AD}.DebugGame Editor|Win64.ActiveCfg = DebugGame_Editor|x64
		{D46611E1-1080-4B1D-B926-C89BB628C7AD}.DebugGame Editor|Win64.Build.0 = DebugGame_Editor|x64
		{D46611E1-1080-4B1D-B926-C89BB628C7AD}.DebugGame|Android.ActiveCfg = DebugGame_Game|Tegra-Android
		{D46611E1-1080-4B1D-B926-C89BB628C7AD}.DebugGame|Android.Build.0 = DebugGame_Game|Tegra-Android
		{D46611E1-1080-4B1D-B926-C89BB628C7AD}.DebugGame|HTML5.ActiveCfg = HTML5_DebugGame_Game|Win32
		{D46611E1-1080-4B1D-B926-C89BB628C7AD}.DebugGame|HTML5.Build.0 = HTML5_DebugGame_Game|Win32
		{D46611E1-1080-4B1D-B926-C89BB628C7AD}.DebugGame|Win32.ActiveCfg = DebugGame_Game|Win32
		{D46611E1-1080-4B1D-B926-C89BB628C7AD}.DebugGame|Win32.Build.0 = DebugGame_Game|Win32
		{D46611E1-1080-4B1D-B926-C89BB628C7AD}.DebugGame|Win64.ActiveCfg = DebugGame_Game|x64
		{D46611E1-1080-4B1D-B926-C89BB628C7AD}.DebugGame|Win64.Build.0 = DebugGame_Game|x64
		{D46611E1-1080-4B1D-B926-C89BB628C7AD}.Development Editor|Android.ActiveCfg = Development_Editor|Tegra-Android
		{D46611E1-1080-4B1D-B926-C89BB628C7AD}.Development Editor|HTML5.ActiveCfg = HTML5_Development_Editor|Win32
		{D46611E1-1080-4B1D-B926-C89BB628C7AD}.Development Editor|Win32.ActiveCfg = Development_Editor|Win32
		{D46611E1-1080-4B1D-B926-C89BB628C7AD}.Development Editor|Win64.ActiveCfg = Development_Editor|x64
		{D46611E1-1080-4B1D-B926-C89BB628C7AD}.Development Editor|Win64.Build.0 = Development_Editor|x64
		{D46611E1-1080-4B1D-B926-C89BB628C7AD}.Development|Android.ActiveCfg = Development_Game|Tegra-Android
		{D46611E1-1080-4B1D-B926-C89BB628C7AD}.Development|Android.Build.0 = Development_Game|Tegra-Android
		{D46611E1-1080-4B1D-B926-C89BB628C7AD}.Development|HTML5.ActiveCfg = HTML5_Development_Game|Win32
		{D46611E1-1080-4B1D-B926-C89BB628C7AD}.Development|HTML5.Build.0 = HTML5_Development_Game|Win32
		{D46611E1-1080-4B1D-B926-C89BB628C7AD}.Development|Win32.ActiveCfg = Development_Game|Win32
		{D46611E1-1080-4B1D-B926-C89BB628C7AD}.Development|Win32.Build.0 = Development_Game|Win32
		{D46611E1-1080-4B1D-B926-C89BB628C7AD}.Development|Win64.ActiveCfg = Development_Game|x64
		{D46611E1-1080-4B1D-B926-C89BB628C7AD}.Development|Win64.Build.0 = Development_Game|x64
		{D46611E1-1080-4B1D-B926-C89BB628C7AD}.Shipping|Android.ActiveCfg = Shipping_Game|Tegra-Android
		{D46611E1-1080-4B1D-B926-C89BB628C7AD}.Shipping|Android.Build.0 = Shipping_Game|Tegra-Android
		{D46611E1-1080-4B1D-B926-C89BB628C7AD}.Shipping|HTML5.ActiveCfg = HTML5_Shipping_Game|Win32
		{D46611E1-1080-4B1D-B926-C89BB628C7AD}.Shipping|HTML5.Build.0 = HTML5_Shipping_Game|Win32
		{D46611E1-1080-4B1D-B926-C89BB628C7AD}.Shipping|Win32.ActiveCfg = Shipping_Game|Win32
		{D46611E1-1080-4B1D-B926-C89BB628C7AD}.Shipping|Win32.Build.0 = Shipping_Game|Win32
		{D46611E1-1080-4B1D-B926-C89BB628C7AD}.Shipping|Win64.ActiveCfg = Shipping_Game|x64
		{D46611E1-1080-4B1D-B926-C89BB628C7AD}.Shipping|Win64.Build.0 = Shipping_Game|x64
	EndGlobalSection
	GlobalSection(SolutionProperties) = preSolution
		HideSolutionNode = FALSE
	EndGlobalSection
	GlobalSection(NestedProjects) = preSolution
		{977E72F1-CA4B-4E20-AA36-F52B0F571719} = {C8C2EAF6-9AC9-497B-9DCD-613FDAD46EBD}
		{D46611E1-1080-4B1D-B926-C89BB628C7AD} = {4B7AC632-893A-4F6E-BF84-F777FE906198}
	EndGlobalSection
EndGlobal
